
Microsoft Visual Studio Solution File, Format Version 12.00
# Visual Studio Version 17
VisualStudioVersion = 17.9.34622.214
MinimumVisualStudioVersion = 10.0.40219.1
Project("{FAE04EC0-301F-11D3-BF4B-00C04F79EFBC}") = "Snake", "Snake.csproj", "{076D25D6-8130-4FCD-881B-EF8EF469DC2D}"
EndProject
Global
	GlobalSection(SolutionConfigurationPlatforms) = preSolution
		Debug|Any CPU = Debug|Any CPU
		Release|Any CPU = Release|Any CPU
	EndGlobalSection
	GlobalSection(ProjectConfigurationPlatforms) = postSolution
		{076D25D6-8130-4FCD-881B-EF8EF469DC2D}.Debug|Any CPU.ActiveCfg = Debug|Any CPU
		{076D25D6-8130-4FCD-881B-EF8EF469DC2D}.Debug|Any CPU.Build.0 = Debug|Any CPU
		{076D25D6-8130-4FCD-881B-EF8EF469DC2D}.Release|Any CPU.ActiveCfg = Release|Any CPU
		{076D25D6-8130-4FCD-881B-EF8EF469DC2D}.Release|Any CPU.Build.0 = Release|Any CPU
	EndGlobalSection
	GlobalSection(SolutionProperties) = preSolution
		HideSolutionNode = FALSE
	EndGlobalSection
	GlobalSection(ExtensibilityGlobals) = postSolution
		SolutionGuid = {BF6972FE-1726-41C6-874C-D36F1DFEBCE0}
	EndGlobalSection
EndGlobal
